
Microsoft Visual Studio Solution File, Format Version 12.00
# Visual Studio Version 16
VisualStudioVersion = 16.0.29613.14
MinimumVisualStudioVersion = 10.0.40219.1
Project("{FAE04EC0-301F-11D3-BF4B-00C04F79EFBC}") = "SportsStore", "SportsStore\SportsStore.csproj", "{53868756-2500-4B75-BD76-522C9BCD1917}"
EndProject
Global
	GlobalSection(SolutionConfigurationPlatforms) = preSolution
		Debug|Any CPU = Debug|Any CPU
		Release|Any CPU = Release|Any CPU
	EndGlobalSection
	GlobalSection(ProjectConfigurationPlatforms) = postSolution
		{53868756-2500-4B75-BD76-522C9BCD1917}.Debug|Any CPU.ActiveCfg = Debug|Any CPU
		{53868756-2500-4B75-BD76-522C9BCD1917}.Debug|Any CPU.Build.0 = Debug|Any CPU
		{53868756-2500-4B75-BD76-522C9BCD1917}.Release|Any CPU.ActiveCfg = Release|Any CPU
		{53868756-2500-4B75-BD76-522C9BCD1917}.Release|Any CPU.Build.0 = Release|Any CPU
	EndGlobalSection
	GlobalSection(SolutionProperties) = preSolution
		HideSolutionNode = FALSE
	EndGlobalSection
	GlobalSection(ExtensibilityGlobals) = postSolution
		SolutionGuid = {4DA12701-9C03-4E57-9898-8F5597AC5714}
	EndGlobalSection
EndGlobal
